// !$*UTF8*$!
{
	archiveVersion = 1;
	classes = {
	};
	objectVersion = 56;
	objects = {

/* Begin PBXBuildFile section */
		AF1517112A207AFD0093C6EE /* LWBUIApp.swift in Sources */ = {isa = PBXBuildFile; fileRef = AF1517102A207AFD0093C6EE /* LWBUIApp.swift */; };
		AF1517132A207AFD0093C6EE /* ContentView.swift in Sources */ = {isa = PBXBuildFile; fileRef = AF1517122A207AFD0093C6EE /* ContentView.swift */; };
		AF1517152A207AFE0093C6EE /* Assets.xcassets in Resources */ = {isa = PBXBuildFile; fileRef = AF1517142A207AFE0093C6EE /* Assets.xcassets */; };
		AF1517192A207AFE0093C6EE /* Preview Assets.xcassets in Resources */ = {isa = PBXBuildFile; fileRef = AF1517182A207AFE0093C6EE /* Preview Assets.xcassets */; };
		AF984AA02A2DC9E200D7F542 /* BottomSheet.swift in Sources */ = {isa = PBXBuildFile; fileRef = AF984A9F2A2DC9E200D7F542 /* BottomSheet.swift */; };
		AF984AA22A2DCAB600D7F542 /* TestView.swift in Sources */ = {isa = PBXBuildFile; fileRef = AF984AA12A2DCAB600D7F542 /* TestView.swift */; };
		AFA232842A20A25600C93F54 /* ModernCategoryView.swift in Sources */ = {isa = PBXBuildFile; fileRef = AFA232832A20A25600C93F54 /* ModernCategoryView.swift */; };
		AFA232862A20A51D00C93F54 /* HorizontalScrollBar.swift in Sources */ = {isa = PBXBuildFile; fileRef = AFA232852A20A51D00C93F54 /* HorizontalScrollBar.swift */; };
		AFA232882A20A76C00C93F54 /* Animation+.swift in Sources */ = {isa = PBXBuildFile; fileRef = AFA232872A20A76C00C93F54 /* Animation+.swift */; };
		AFC070E32A29B1C6008D859C /* ListView.swift in Sources */ = {isa = PBXBuildFile; fileRef = AFC070E22A29B1C6008D859C /* ListView.swift */; };
/* End PBXBuildFile section */

/* Begin PBXFileReference section */
		AF15170D2A207AFD0093C6EE /* LWBUI.app */ = {isa = PBXFileReference; explicitFileType = wrapper.application; includeInIndex = 0; path = LWBUI.app; sourceTree = BUILT_PRODUCTS_DIR; };
		AF1517102A207AFD0093C6EE /* LWBUIApp.swift */ = {isa = PBXFileReference; lastKnownFileType = sourcecode.swift; path = LWBUIApp.swift; sourceTree = "<group>"; };
		AF1517122A207AFD0093C6EE /* ContentView.swift */ = {isa = PBXFileReference; lastKnownFileType = sourcecode.swift; path = ContentView.swift; sourceTree = "<group>"; };
		AF1517142A207AFE0093C6EE /* Assets.xcassets */ = {isa = PBXFileReference; lastKnownFileType = folder.assetcatalog; path = Assets.xcassets; sourceTree = "<group>"; };
		AF1517162A207AFE0093C6EE /* LWBUI.entitlements */ = {isa = PBXFileReference; lastKnownFileType = text.plist.entitlements; path = LWBUI.entitlements; sourceTree = "<group>"; };
		AF1517182A207AFE0093C6EE /* Preview Assets.xcassets */ = {isa = PBXFileReference; lastKnownFileType = folder.assetcatalog; path = "Preview Assets.xcassets"; sourceTree = "<group>"; };
		AF984A9F2A2DC9E200D7F542 /* BottomSheet.swift */ = {isa = PBXFileReference; lastKnownFileType = sourcecode.swift; path = BottomSheet.swift; sourceTree = "<group>"; };
		AF984AA12A2DCAB600D7F542 /* TestView.swift */ = {isa = PBXFileReference; lastKnownFileType = sourcecode.swift; path = TestView.swift; sourceTree = "<group>"; };
		AFA232832A20A25600C93F54 /* ModernCategoryView.swift */ = {isa = PBXFileReference; lastKnownFileType = sourcecode.swift; path = ModernCategoryView.swift; sourceTree = "<group>"; };
		AFA232852A20A51D00C93F54 /* HorizontalScrollBar.swift */ = {isa = PBXFileReference; lastKnownFileType = sourcecode.swift; path = HorizontalScrollBar.swift; sourceTree = "<group>"; };
		AFA232872A20A76C00C93F54 /* Animation+.swift */ = {isa = PBXFileReference; lastKnownFileType = sourcecode.swift; path = "Animation+.swift"; sourceTree = "<group>"; };
		AFC070E22A29B1C6008D859C /* ListView.swift */ = {isa = PBXFileReference; lastKnownFileType = sourcecode.swift; path = ListView.swift; sourceTree = "<group>"; };
/* End PBXFileReference section */

/* Begin PBXFrameworksBuildPhase section */
		AF15170A2A207AFD0093C6EE /* Frameworks */ = {
			isa = PBXFrameworksBuildPhase;
			buildActionMask = 2147483647;
			files = (
			);
			runOnlyForDeploymentPostprocessing = 0;
		};
/* End PBXFrameworksBuildPhase section */

/* Begin PBXGroup section */
		AF1517042A207AFD0093C6EE = {
			isa = PBXGroup;
			children = (
				AF15170F2A207AFD0093C6EE /* LWBUI */,
				AF15170E2A207AFD0093C6EE /* Products */,
			);
			sourceTree = "<group>";
		};
		AF15170E2A207AFD0093C6EE /* Products */ = {
			isa = PBXGroup;
			children = (
				AF15170D2A207AFD0093C6EE /* LWBUI.app */,
			);
			name = Products;
			sourceTree = "<group>";
		};
		AF15170F2A207AFD0093C6EE /* LWBUI */ = {
			isa = PBXGroup;
			children = (
				AF3B94232A370D3000B2C768 /* Resources */,
				AF3B94252A370DC400B2C768 /* Sources */,
			);
			path = LWBUI;
			sourceTree = "<group>";
		};
		AF1517172A207AFE0093C6EE /* Preview Content */ = {
			isa = PBXGroup;
			children = (
				AF1517182A207AFE0093C6EE /* Preview Assets.xcassets */,
			);
			path = "Preview Content";
			sourceTree = "<group>";
		};
		AF3B941F2A370CB300B2C768 /* Extensions */ = {
			isa = PBXGroup;
			children = (
				AFA232872A20A76C00C93F54 /* Animation+.swift */,
			);
			path = Extensions;
			sourceTree = "<group>";
		};
		AF3B94202A370CD100B2C768 /* UIComponents */ = {
			isa = PBXGroup;
			children = (
				AF3B94222A370D1F00B2C768 /* BottomSheet */,
				AF3B94212A370CDC00B2C768 /* ModernCategoryView */,
			);
			path = UIComponents;
			sourceTree = "<group>";
		};
		AF3B94212A370CDC00B2C768 /* ModernCategoryView */ = {
			isa = PBXGroup;
			children = (
				AFA232832A20A25600C93F54 /* ModernCategoryView.swift */,
				AFA232852A20A51D00C93F54 /* HorizontalScrollBar.swift */,
				AFC070E22A29B1C6008D859C /* ListView.swift */,
			);
			path = ModernCategoryView;
			sourceTree = "<group>";
		};
		AF3B94222A370D1F00B2C768 /* BottomSheet */ = {
			isa = PBXGroup;
			children = (
				AF984A9F2A2DC9E200D7F542 /* BottomSheet.swift */,
				AF984AA12A2DCAB600D7F542 /* TestView.swift */,
			);
			path = BottomSheet;
			sourceTree = "<group>";
		};
		AF3B94232A370D3000B2C768 /* Resources */ = {
			isa = PBXGroup;
			children = (
				AF1517172A207AFE0093C6EE /* Preview Content */,
				AF1517142A207AFE0093C6EE /* Assets.xcassets */,
				AF1517162A207AFE0093C6EE /* LWBUI.entitlements */,
			);
			path = Resources;
			sourceTree = "<group>";
		};
		AF3B94242A370D7F00B2C768 /* App */ = {
			isa = PBXGroup;
			children = (
				AF1517102A207AFD0093C6EE /* LWBUIApp.swift */,
			);
			path = App;
			sourceTree = "<group>";
		};
		AF3B94252A370DC400B2C768 /* Sources */ = {
			isa = PBXGroup;
			children = (
				AF1517122A207AFD0093C6EE /* ContentView.swift */,
				AF3B941F2A370CB300B2C768 /* Extensions */,
				AF3B94242A370D7F00B2C768 /* App */,
				AF3B94202A370CD100B2C768 /* UIComponents */,
			);
			path = Sources;
			sourceTree = "<group>";
		};
/* End PBXGroup section */

/* Begin PBXNativeTarget section */
		AF15170C2A207AFD0093C6EE /* LWBUI */ = {
			isa = PBXNativeTarget;
			buildConfigurationList = AF15171C2A207AFE0093C6EE /* Build configuration list for PBXNativeTarget "LWBUI" */;
			buildPhases = (
				AF1517092A207AFD0093C6EE /* Sources */,
				AF15170A2A207AFD0093C6EE /* Frameworks */,
				AF15170B2A207AFD0093C6EE /* Resources */,
			);
			buildRules = (
			);
			dependencies = (
			);
			name = LWBUI;
			productName = LWBUI;
			productReference = AF15170D2A207AFD0093C6EE /* LWBUI.app */;
			productType = "com.apple.product-type.application";
		};
/* End PBXNativeTarget section */

/* Begin PBXProject section */
		AF1517052A207AFD0093C6EE /* Project object */ = {
			isa = PBXProject;
			attributes = {
				BuildIndependentTargetsInParallel = 1;
				LastSwiftUpdateCheck = 1420;
				LastUpgradeCheck = 1420;
				TargetAttributes = {
					AF15170C2A207AFD0093C6EE = {
						CreatedOnToolsVersion = 14.2;
					};
				};
			};
			buildConfigurationList = AF1517082A207AFD0093C6EE /* Build configuration list for PBXProject "LWBUI" */;
			compatibilityVersion = "Xcode 14.0";
			developmentRegion = en;
			hasScannedForEncodings = 0;
			knownRegions = (
				en,
				Base,
			);
			mainGroup = AF1517042A207AFD0093C6EE;
			productRefGroup = AF15170E2A207AFD0093C6EE /* Products */;
			projectDirPath = "";
			projectRoot = "";
			targets = (
				AF15170C2A207AFD0093C6EE /* LWBUI */,
			);
		};
/* End PBXProject section */

/* Begin PBXResourcesBuildPhase section */
		AF15170B2A207AFD0093C6EE /* Resources */ = {
			isa = PBXResourcesBuildPhase;
			buildActionMask = 2147483647;
			files = (
				AF1517192A207AFE0093C6EE /* Preview Assets.xcassets in Resources */,
				AF1517152A207AFE0093C6EE /* Assets.xcassets in Resources */,
			);
			runOnlyForDeploymentPostprocessing = 0;
		};
/* End PBXResourcesBuildPhase section */

/* Begin PBXSourcesBuildPhase section */
		AF1517092A207AFD0093C6EE /* Sources */ = {
			isa = PBXSourcesBuildPhase;
			buildActionMask = 2147483647;
			files = (
				AFA232882A20A76C00C93F54 /* Animation+.swift in Sources */,
				AF1517132A207AFD0093C6EE /* ContentView.swift in Sources */,
				AF984AA02A2DC9E200D7F542 /* BottomSheet.swift in Sources */,
				AFA232862A20A51D00C93F54 /* HorizontalScrollBar.swift in Sources */,
				AF984AA22A2DCAB600D7F542 /* TestView.swift in Sources */,
				AFC070E32A29B1C6008D859C /* ListView.swift in Sources */,
				AF1517112A207AFD0093C6EE /* LWBUIApp.swift in Sources */,
				AFA232842A20A25600C93F54 /* ModernCategoryView.swift in Sources */,
			);
			runOnlyForDeploymentPostprocessing = 0;
		};
/* End PBXSourcesBuildPhase section */

/* Begin XCBuildConfiguration section */
		AF15171A2A207AFE0093C6EE /* Debug */ = {
			isa = XCBuildConfiguration;
			buildSettings = {
				ALWAYS_SEARCH_USER_PATHS = NO;
				CLANG_ANALYZER_NONNULL = YES;
				CLANG_ANALYZER_NUMBER_OBJECT_CONVERSION = YES_AGGRESSIVE;
				CLANG_CXX_LANGUAGE_STANDARD = "gnu++20";
				CLANG_ENABLE_MODULES = YES;
				CLANG_ENABLE_OBJC_ARC = YES;
				CLANG_ENABLE_OBJC_WEAK = YES;
				CLANG_WARN_BLOCK_CAPTURE_AUTORELEASING = YES;
				CLANG_WARN_BOOL_CONVERSION = YES;
				CLANG_WARN_COMMA = YES;
				CLANG_WARN_CONSTANT_CONVERSION = YES;
				CLANG_WARN_DEPRECATED_OBJC_IMPLEMENTATIONS = YES;
				CLANG_WARN_DIRECT_OBJC_ISA_USAGE = YES_ERROR;
				CLANG_WARN_DOCUMENTATION_COMMENTS = YES;
				CLANG_WARN_EMPTY_BODY = YES;
				CLANG_WARN_ENUM_CONVERSION = YES;
				CLANG_WARN_INFINITE_RECURSION = YES;
				CLANG_WARN_INT_CONVERSION = YES;
				CLANG_WARN_NON_LITERAL_NULL_CONVERSION = YES;
				CLANG_WARN_OBJC_IMPLICIT_RETAIN_SELF = YES;
				CLANG_WARN_OBJC_LITERAL_CONVERSION = YES;
				CLANG_WARN_OBJC_ROOT_CLASS = YES_ERROR;
				CLANG_WARN_QUOTED_INCLUDE_IN_FRAMEWORK_HEADER = YES;
				CLANG_WARN_RANGE_LOOP_ANALYSIS = YES;
				CLANG_WARN_STRICT_PROTOTYPES = YES;
				CLANG_WARN_SUSPICIOUS_MOVE = YES;
				CLANG_WARN_UNGUARDED_AVAILABILITY = YES_AGGRESSIVE;
				CLANG_WARN_UNREACHABLE_CODE = YES;
				CLANG_WARN__DUPLICATE_METHOD_MATCH = YES;
				COPY_PHASE_STRIP = NO;
				DEBUG_INFORMATION_FORMAT = dwarf;
				ENABLE_STRICT_OBJC_MSGSEND = YES;
				ENABLE_TESTABILITY = YES;
				GCC_C_LANGUAGE_STANDARD = gnu11;
				GCC_DYNAMIC_NO_PIC = NO;
				GCC_NO_COMMON_BLOCKS = YES;
				GCC_OPTIMIZATION_LEVEL = 0;
				GCC_PREPROCESSOR_DEFINITIONS = (
					"DEBUG=1",
					"$(inherited)",
				);
				GCC_WARN_64_TO_32_BIT_CONVERSION = YES;
				GCC_WARN_ABOUT_RETURN_TYPE = YES_ERROR;
				GCC_WARN_UNDECLARED_SELECTOR = YES;
				GCC_WARN_UNINITIALIZED_AUTOS = YES_AGGRESSIVE;
				GCC_WARN_UNUSED_FUNCTION = YES;
				GCC_WARN_UNUSED_VARIABLE = YES;
				MTL_ENABLE_DEBUG_INFO = INCLUDE_SOURCE;
				MTL_FAST_MATH = YES;
				ONLY_ACTIVE_ARCH = YES;
				SWIFT_ACTIVE_COMPILATION_CONDITIONS = DEBUG;
				SWIFT_OPTIMIZATION_LEVEL = "-Onone";
			};
			name = Debug;
		};
		AF15171B2A207AFE0093C6EE /* Release */ = {
			isa = XCBuildConfiguration;
			buildSettings = {
				ALWAYS_SEARCH_USER_PATHS = NO;
				CLANG_ANALYZER_NONNULL = YES;
				CLANG_ANALYZER_NUMBER_OBJECT_CONVERSION = YES_AGGRESSIVE;
				CLANG_CXX_LANGUAGE_STANDARD = "gnu++20";
				CLANG_ENABLE_MODULES = YES;
				CLANG_ENABLE_OBJC_ARC = YES;
				CLANG_ENABLE_OBJC_WEAK = YES;
				CLANG_WARN_BLOCK_CAPTURE_AUTORELEASING = YES;
				CLANG_WARN_BOOL_CONVERSION = YES;
				CLANG_WARN_COMMA = YES;
				CLANG_WARN_CONSTANT_CONVERSION = YES;
				CLANG_WARN_DEPRECATED_OBJC_IMPLEMENTATIONS = YES;
				CLANG_WARN_DIRECT_OBJC_ISA_USAGE = YES_ERROR;
				CLANG_WARN_DOCUMENTATION_COMMENTS = YES;
				CLANG_WARN_EMPTY_BODY = YES;
				CLANG_WARN_ENUM_CONVERSION = YES;
				CLANG_WARN_INFINITE_RECURSION = YES;
				CLANG_WARN_INT_CONVERSION = YES;
				CLANG_WARN_NON_LITERAL_NULL_CONVERSION = YES;
				CLANG_WARN_OBJC_IMPLICIT_RETAIN_SELF = YES;
				CLANG_WARN_OBJC_LITERAL_CONVERSION = YES;
				CLANG_WARN_OBJC_ROOT_CLASS = YES_ERROR;
				CLANG_WARN_QUOTED_INCLUDE_IN_FRAMEWORK_HEADER = YES;
				CLANG_WARN_RANGE_LOOP_ANALYSIS = YES;
				CLANG_WARN_STRICT_PROTOTYPES = YES;
				CLANG_WARN_SUSPICIOUS_MOVE = YES;
				CLANG_WARN_UNGUARDED_AVAILABILITY = YES_AGGRESSIVE;
				CLANG_WARN_UNREACHABLE_CODE = YES;
				CLANG_WARN__DUPLICATE_METHOD_MATCH = YES;
				COPY_PHASE_STRIP = NO;
				DEBUG_INFORMATION_FORMAT = "dwarf-with-dsym";
				ENABLE_NS_ASSERTIONS = NO;
				ENABLE_STRICT_OBJC_MSGSEND = YES;
				GCC_C_LANGUAGE_STANDARD = gnu11;
				GCC_NO_COMMON_BLOCKS = YES;
				GCC_WARN_64_TO_32_BIT_CONVERSION = YES;
				GCC_WARN_ABOUT_RETURN_TYPE = YES_ERROR;
				GCC_WARN_UNDECLARED_SELECTOR = YES;
				GCC_WARN_UNINITIALIZED_AUTOS = YES_AGGRESSIVE;
				GCC_WARN_UNUSED_FUNCTION = YES;
				GCC_WARN_UNUSED_VARIABLE = YES;
				MTL_ENABLE_DEBUG_INFO = NO;
				MTL_FAST_MATH = YES;
				SWIFT_COMPILATION_MODE = wholemodule;
				SWIFT_OPTIMIZATION_LEVEL = "-O";
			};
			name = Release;
		};
		AF15171D2A207AFE0093C6EE /* Debug */ = {
			isa = XCBuildConfiguration;
			buildSettings = {
				ASSETCATALOG_COMPILER_APPICON_NAME = AppIcon;
				ASSETCATALOG_COMPILER_GLOBAL_ACCENT_COLOR_NAME = AccentColor;
				CODE_SIGN_ENTITLEMENTS = LWBUI/Resources/LWBUI.entitlements;
				CODE_SIGN_STYLE = Automatic;
				CURRENT_PROJECT_VERSION = 1;
				DEVELOPMENT_ASSET_PATHS = "\"LWBUI/Resources/Preview Content\"";
				DEVELOPMENT_TEAM = SWPBG3YXG5;
				ENABLE_HARDENED_RUNTIME = YES;
				ENABLE_PREVIEWS = YES;
				GENERATE_INFOPLIST_FILE = YES;
				"INFOPLIST_KEY_UIApplicationSceneManifest_Generation[sdk=iphoneos*]" = YES;
				"INFOPLIST_KEY_UIApplicationSceneManifest_Generation[sdk=iphonesimulator*]" = YES;
				"INFOPLIST_KEY_UIApplicationSupportsIndirectInputEvents[sdk=iphoneos*]" = YES;
				"INFOPLIST_KEY_UIApplicationSupportsIndirectInputEvents[sdk=iphonesimulator*]" = YES;
				"INFOPLIST_KEY_UILaunchScreen_Generation[sdk=iphoneos*]" = YES;
				"INFOPLIST_KEY_UILaunchScreen_Generation[sdk=iphonesimulator*]" = YES;
				"INFOPLIST_KEY_UIStatusBarStyle[sdk=iphoneos*]" = UIStatusBarStyleDefault;
				"INFOPLIST_KEY_UIStatusBarStyle[sdk=iphonesimulator*]" = UIStatusBarStyleDefault;
				INFOPLIST_KEY_UISupportedInterfaceOrientations_iPad = "UIInterfaceOrientationPortrait UIInterfaceOrientationPortraitUpsideDown UIInterfaceOrientationLandscapeLeft UIInterfaceOrientationLandscapeRight";
				INFOPLIST_KEY_UISupportedInterfaceOrientations_iPhone = "UIInterfaceOrientationPortrait UIInterfaceOrientationLandscapeLeft UIInterfaceOrientationLandscapeRight";
				IPHONEOS_DEPLOYMENT_TARGET = 15.0;
				LD_RUNPATH_SEARCH_PATHS = "@executable_path/Frameworks";
				"LD_RUNPATH_SEARCH_PATHS[sdk=macosx*]" = "@executable_path/../Frameworks";
				MACOSX_DEPLOYMENT_TARGET = 13.1;
				MARKETING_VERSION = 1.0;
				PRODUCT_BUNDLE_IDENTIFIER = com.test.LWBUI;
				PRODUCT_NAME = "$(TARGET_NAME)";
				SDKROOT = auto;
				SUPPORTED_PLATFORMS = "iphoneos iphonesimulator macosx";
				SWIFT_EMIT_LOC_STRINGS = YES;
				SWIFT_VERSION = 5.0;
				TARGETED_DEVICE_FAMILY = "1,2";
			};
			name = Debug;
		};
		AF15171E2A207AFE0093C6EE /* Release */ = {
			isa = XCBuildConfiguration;
			buildSettings = {
				ASSETCATALOG_COMPILER_APPICON_NAME = AppIcon;
				ASSETCATALOG_COMPILER_GLOBAL_ACCENT_COLOR_NAME = AccentColor;
				CODE_SIGN_ENTITLEMENTS = LWBUI/Resources/LWBUI.entitlements;
				CODE_SIGN_STYLE = Automatic;
				CURRENT_PROJECT_VERSION = 1;
				DEVELOPMENT_ASSET_PATHS = "\"LWBUI/Resources/Preview Content\"";
				DEVELOPMENT_TEAM = SWPBG3YXG5;
				ENABLE_HARDENED_RUNTIME = YES;
				ENABLE_PREVIEWS = YES;
				GENERATE_INFOPLIST_FILE = YES;
				"INFOPLIST_KEY_UIApplicationSceneManifest_Generation[sdk=iphoneos*]" = YES;
				"INFOPLIST_KEY_UIApplicationSceneManifest_Generation[sdk=iphonesimulator*]" = YES;
				"INFOPLIST_KEY_UIApplicationSupportsIndirectInputEvents[sdk=iphoneos*]" = YES;
				"INFOPLIST_KEY_UIApplicationSupportsIndirectInputEvents[sdk=iphonesimulator*]" = YES;
				"INFOPLIST_KEY_UILaunchScreen_Generation[sdk=iphoneos*]" = YES;
				"INFOPLIST_KEY_UILaunchScreen_Generation[sdk=iphonesimulator*]" = YES;
				"INFOPLIST_KEY_UIStatusBarStyle[sdk=iphoneos*]" = UIStatusBarStyleDefault;
				"INFOPLIST_KEY_UIStatusBarStyle[sdk=iphonesimulator*]" = UIStatusBarStyleDefault;
				INFOPLIST_KEY_UISupportedInterfaceOrientations_iPad = "UIInterfaceOrientationPortrait UIInterfaceOrientationPortraitUpsideDown UIInterfaceOrientationLandscapeLeft UIInterfaceOrientationLandscapeRight";
				INFOPLIST_KEY_UISupportedInterfaceOrientations_iPhone = "UIInterfaceOrientationPortrait UIInterfaceOrientationLandscapeLeft UIInterfaceOrientationLandscapeRight";
				IPHONEOS_DEPLOYMENT_TARGET = 15.0;
				LD_RUNPATH_SEARCH_PATHS = "@executable_path/Frameworks";
				"LD_RUNPATH_SEARCH_PATHS[sdk=macosx*]" = "@executable_path/../Frameworks";
				MACOSX_DEPLOYMENT_TARGET = 13.1;
				MARKETING_VERSION = 1.0;
				PRODUCT_BUNDLE_IDENTIFIER = com.test.LWBUI;
				PRODUCT_NAME = "$(TARGET_NAME)";
				SDKROOT = auto;
				SUPPORTED_PLATFORMS = "iphoneos iphonesimulator macosx";
				SWIFT_EMIT_LOC_STRINGS = YES;
				SWIFT_VERSION = 5.0;
				TARGETED_DEVICE_FAMILY = "1,2";
			};
			name = Release;
		};
/* End XCBuildConfiguration section */

/* Begin XCConfigurationList section */
		AF1517082A207AFD0093C6EE /* Build configuration list for PBXProject "LWBUI" */ = {
			isa = XCConfigurationList;
			buildConfigurations = (
				AF15171A2A207AFE0093C6EE /* Debug */,
				AF15171B2A207AFE0093C6EE /* Release */,
			);
			defaultConfigurationIsVisible = 0;
			defaultConfigurationName = Release;
		};
		AF15171C2A207AFE0093C6EE /* Build configuration list for PBXNativeTarget "LWBUI" */ = {
			isa = XCConfigurationList;
			buildConfigurations = (
				AF15171D2A207AFE0093C6EE /* Debug */,
				AF15171E2A207AFE0093C6EE /* Release */,
			);
			defaultConfigurationIsVisible = 0;
			defaultConfigurationName = Release;
		};
/* End XCConfigurationList section */
	};
	rootObject = AF1517052A207AFD0093C6EE /* Project object */;
}
